
Microsoft Visual Studio Solution File, Format Version 12.00
# Visual Studio Version 16
VisualStudioVersion = 16.0.30717.126
MinimumVisualStudioVersion = 10.0.40219.1
Project("{FAE04EC0-301F-11D3-BF4B-00C04F79EFBC}") = "Online-Order-for-digital-printing-of-Photos", "Online-Order-for-digital-printing-of-Photos.csproj", "{6F89EAB0-1263-43E6-9A7D-A152ED1C9298}"
EndProject
Global
	GlobalSection(SolutionConfigurationPlatforms) = preSolution
		Debug|Any CPU = Debug|Any CPU
		Release|Any CPU = Release|Any CPU
	EndGlobalSection
	GlobalSection(ProjectConfigurationPlatforms) = postSolution
		{6F89EAB0-1263-43E6-9A7D-A152ED1C9298}.Debug|Any CPU.ActiveCfg = Debug|Any CPU
		{6F89EAB0-1263-43E6-9A7D-A152ED1C9298}.Debug|Any CPU.Build.0 = Debug|Any CPU
		{6F89EAB0-1263-43E6-9A7D-A152ED1C9298}.Release|Any CPU.ActiveCfg = Release|Any CPU
		{6F89EAB0-1263-43E6-9A7D-A152ED1C9298}.Release|Any CPU.Build.0 = Release|Any CPU
	EndGlobalSection
	GlobalSection(SolutionProperties) = preSolution
		HideSolutionNode = FALSE
	EndGlobalSection
	GlobalSection(ExtensibilityGlobals) = postSolution
		SolutionGuid = {CDD4CCD1-B907-47F7-AAA5-3FB79FDCC45A}
	EndGlobalSection
EndGlobal
